
Microsoft Visual Studio Solution File, Format Version 12.00
# Visual Studio Version 16
VisualStudioVersion = 16.0.30503.244
MinimumVisualStudioVersion = 10.0.40219.1
Project("{FAE04EC0-301F-11D3-BF4B-00C04F79EFBC}") = "ApExamAnsPdfToExcel", "ApExamAnsPdfToExcel\ApExamAnsPdfToExcel.csproj", "{6AAD65CA-30AE-4899-AD1C-72D1B6218D1D}"
EndProject
Global
	GlobalSection(SolutionConfigurationPlatforms) = preSolution
		Debug|Any CPU = Debug|Any CPU
		Release|Any CPU = Release|Any CPU
	EndGlobalSection
	GlobalSection(ProjectConfigurationPlatforms) = postSolution
		{6AAD65CA-30AE-4899-AD1C-72D1B6218D1D}.Debug|Any CPU.ActiveCfg = Debug|Any CPU
		{6AAD65CA-30AE-4899-AD1C-72D1B6218D1D}.Debug|Any CPU.Build.0 = Debug|Any CPU
		{6AAD65CA-30AE-4899-AD1C-72D1B6218D1D}.Release|Any CPU.ActiveCfg = Release|Any CPU
		{6AAD65CA-30AE-4899-AD1C-72D1B6218D1D}.Release|Any CPU.Build.0 = Release|Any CPU
	EndGlobalSection
	GlobalSection(SolutionProperties) = preSolution
		HideSolutionNode = FALSE
	EndGlobalSection
	GlobalSection(ExtensibilityGlobals) = postSolution
		SolutionGuid = {ED67E8CF-5CE5-4997-9FC2-B124E4B2DBAA}
	EndGlobalSection
EndGlobal
